
Microsoft Visual Studio Solution File, Format Version 12.00
# Visual Studio Version 16
VisualStudioVersion = 16.0.31321.278
MinimumVisualStudioVersion = 10.0.40219.1
Project("{FAE04EC0-301F-11D3-BF4B-00C04F79EFBC}") = "SimpleFunctionApp", "src\SimpleFunctionApp\SimpleFunctionApp.csproj", "{D3DF6ACD-A9C3-45C0-A474-E40B4B2EB89A}"
EndProject
Global
	GlobalSection(SolutionConfigurationPlatforms) = preSolution
		Debug|Any CPU = Debug|Any CPU
		Release|Any CPU = Release|Any CPU
	EndGlobalSection
	GlobalSection(ProjectConfigurationPlatforms) = postSolution
		{D3DF6ACD-A9C3-45C0-A474-E40B4B2EB89A}.Debug|Any CPU.ActiveCfg = Debug|Any CPU
		{D3DF6ACD-A9C3-45C0-A474-E40B4B2EB89A}.Debug|Any CPU.Build.0 = Debug|Any CPU
		{D3DF6ACD-A9C3-45C0-A474-E40B4B2EB89A}.Release|Any CPU.ActiveCfg = Release|Any CPU
		{D3DF6ACD-A9C3-45C0-A474-E40B4B2EB89A}.Release|Any CPU.Build.0 = Release|Any CPU
	EndGlobalSection
	GlobalSection(SolutionProperties) = preSolution
		HideSolutionNode = FALSE
	EndGlobalSection
	GlobalSection(ExtensibilityGlobals) = postSolution
		SolutionGuid = {EE1F2884-20AD-4D60-9A60-2C177E9AA021}
	EndGlobalSection
EndGlobal
